// !$*UTF8*$!
{
	archiveVersion = 1;
	classes = {
	};
	objectVersion = 46;
	objects = {

/* Begin PBXBuildFile section */
		08DC43991981E858006163BA /* main.swift in Sources */ = {isa = PBXBuildFile; fileRef = 08DC43981981E858006163BA /* main.swift */; };
		08DC439B1981E858006163BA /* AppDelegate.swift in Sources */ = {isa = PBXBuildFile; fileRef = 08DC439A1981E858006163BA /* AppDelegate.swift */; };
		08DC439D1981E858006163BA /* Images.xcassets in Resources */ = {isa = PBXBuildFile; fileRef = 08DC439C1981E858006163BA /* Images.xcassets */; };
		08DC43A01981E858006163BA /* MainMenu.xib in Resources */ = {isa = PBXBuildFile; fileRef = 08DC439E1981E858006163BA /* MainMenu.xib */; };
		08DC43AC1981E858006163BA /* ColorPickerTests.swift in Sources */ = {isa = PBXBuildFile; fileRef = 08DC43AB1981E858006163BA /* ColorPickerTests.swift */; };
/* End PBXBuildFile section */

/* Begin PBXContainerItemProxy section */
		08DC43A61981E858006163BA /* PBXContainerItemProxy */ = {
			isa = PBXContainerItemProxy;
			containerPortal = 08DC438B1981E858006163BA /* Project object */;
			proxyType = 1;
			remoteGlobalIDString = 08DC43921981E858006163BA;
			remoteInfo = ColorPicker;
		};
/* End PBXContainerItemProxy section */

/* Begin PBXFileReference section */
		08DC43931981E858006163BA /* ColorPicker.app */ = {isa = PBXFileReference; explicitFileType = wrapper.application; includeInIndex = 0; path = ColorPicker.app; sourceTree = BUILT_PRODUCTS_DIR; };
		08DC43971981E858006163BA /* Info.plist */ = {isa = PBXFileReference; lastKnownFileType = text.plist.xml; path = Info.plist; sourceTree = "<group>"; };
		08DC43981981E858006163BA /* main.swift */ = {isa = PBXFileReference; lastKnownFileType = sourcecode.swift; path = main.swift; sourceTree = "<group>"; };
		08DC439A1981E858006163BA /* AppDelegate.swift */ = {isa = PBXFileReference; lastKnownFileType = sourcecode.swift; path = AppDelegate.swift; sourceTree = "<group>"; };
		08DC439C1981E858006163BA /* Images.xcassets */ = {isa = PBXFileReference; lastKnownFileType = folder.assetcatalog; path = Images.xcassets; sourceTree = "<group>"; };
		08DC439F1981E858006163BA /* Base */ = {isa = PBXFileReference; lastKnownFileType = file.xib; name = Base; path = Base.lproj/MainMenu.xib; sourceTree = "<group>"; };
		08DC43A51981E858006163BA /* ColorPickerTests.xctest */ = {isa = PBXFileReference; explicitFileType = wrapper.cfbundle; includeInIndex = 0; path = ColorPickerTests.xctest; sourceTree = BUILT_PRODUCTS_DIR; };
		08DC43AA1981E858006163BA /* Info.plist */ = {isa = PBXFileReference; lastKnownFileType = text.plist.xml; path = Info.plist; sourceTree = "<group>"; };
		08DC43AB1981E858006163BA /* ColorPickerTests.swift */ = {isa = PBXFileReference; lastKnownFileType = sourcecode.swift; path = ColorPickerTests.swift; sourceTree = "<group>"; };
/* End PBXFileReference section */

/* Begin PBXFrameworksBuildPhase section */
		08DC43901981E858006163BA /* Frameworks */ = {
			isa = PBXFrameworksBuildPhase;
			buildActionMask = 2147483647;
			files = (
			);
			runOnlyForDeploymentPostprocessing = 0;
		};
		08DC43A21981E858006163BA /* Frameworks */ = {
			isa = PBXFrameworksBuildPhase;
			buildActionMask = 2147483647;
			files = (
			);
			runOnlyForDeploymentPostprocessing = 0;
		};
/* End PBXFrameworksBuildPhase section */

/* Begin PBXGroup section */
		08DC438A1981E858006163BA = {
			isa = PBXGroup;
			children = (
				08DC43951981E858006163BA /* ColorPicker */,
				08DC43A81981E858006163BA /* ColorPickerTests */,
				08DC43941981E858006163BA /* Products */,
			);
			sourceTree = "<group>";
		};
		08DC43941981E858006163BA /* Products */ = {
			isa = PBXGroup;
			children = (
				08DC43931981E858006163BA /* ColorPicker.app */,
				08DC43A51981E858006163BA /* ColorPickerTests.xctest */,
			);
			name = Products;
			sourceTree = "<group>";
		};
		08DC43951981E858006163BA /* ColorPicker */ = {
			isa = PBXGroup;
			children = (
				08DC439A1981E858006163BA /* AppDelegate.swift */,
				08DC439C1981E858006163BA /* Images.xcassets */,
				08DC439E1981E858006163BA /* MainMenu.xib */,
				08DC43961981E858006163BA /* Supporting Files */,
			);
			path = ColorPicker;
			sourceTree = "<group>";
		};
		08DC43961981E858006163BA /* Supporting Files */ = {
			isa = PBXGroup;
			children = (
				08DC43971981E858006163BA /* Info.plist */,
				08DC43981981E858006163BA /* main.swift */,
			);
			name = "Supporting Files";
			sourceTree = "<group>";
		};
		08DC43A81981E858006163BA /* ColorPickerTests */ = {
			isa = PBXGroup;
			children = (
				08DC43AB1981E858006163BA /* ColorPickerTests.swift */,
				08DC43A91981E858006163BA /* Supporting Files */,
			);
			path = ColorPickerTests;
			sourceTree = "<group>";
		};
		08DC43A91981E858006163BA /* Supporting Files */ = {
			isa = PBXGroup;
			children = (
				08DC43AA1981E858006163BA /* Info.plist */,
			);
			name = "Supporting Files";
			sourceTree = "<group>";
		};
/* End PBXGroup section */

/* Begin PBXNativeTarget section */
		08DC43921981E858006163BA /* ColorPicker */ = {
			isa = PBXNativeTarget;
			buildConfigurationList = 08DC43AF1981E858006163BA /* Build configuration list for PBXNativeTarget "ColorPicker" */;
			buildPhases = (
				08DC438F1981E858006163BA /* Sources */,
				08DC43901981E858006163BA /* Frameworks */,
				08DC43911981E858006163BA /* Resources */,
			);
			buildRules = (
			);
			dependencies = (
			);
			name = ColorPicker;
			productName = ColorPicker;
			productReference = 08DC43931981E858006163BA /* ColorPicker.app */;
			productType = "com.apple.product-type.application";
		};
		08DC43A41981E858006163BA /* ColorPickerTests */ = {
			isa = PBXNativeTarget;
			buildConfigurationList = 08DC43B21981E858006163BA /* Build configuration list for PBXNativeTarget "ColorPickerTests" */;
			buildPhases = (
				08DC43A11981E858006163BA /* Sources */,
				08DC43A21981E858006163BA /* Frameworks */,
				08DC43A31981E858006163BA /* Resources */,
			);
			buildRules = (
			);
			dependencies = (
				08DC43A71981E858006163BA /* PBXTargetDependency */,
			);
			name = ColorPickerTests;
			productName = ColorPickerTests;
			productReference = 08DC43A51981E858006163BA /* ColorPickerTests.xctest */;
			productType = "com.apple.product-type.bundle.unit-test";
		};
/* End PBXNativeTarget section */

/* Begin PBXProject section */
		08DC438B1981E858006163BA /* Project object */ = {
			isa = PBXProject;
			attributes = {
				LastUpgradeCheck = 0600;
				ORGANIZATIONNAME = "Martyn Chamberlin";
				TargetAttributes = {
					08DC43921981E858006163BA = {
						CreatedOnToolsVersion = 6.0;
					};
					08DC43A41981E858006163BA = {
						CreatedOnToolsVersion = 6.0;
						TestTargetID = 08DC43921981E858006163BA;
					};
				};
			};
			buildConfigurationList = 08DC438E1981E858006163BA /* Build configuration list for PBXProject "ColorPicker" */;
			compatibilityVersion = "Xcode 3.2";
			developmentRegion = English;
			hasScannedForEncodings = 0;
			knownRegions = (
				en,
				Base,
			);
			mainGroup = 08DC438A1981E858006163BA;
			productRefGroup = 08DC43941981E858006163BA /* Products */;
			projectDirPath = "";
			projectRoot = "";
			targets = (
				08DC43921981E858006163BA /* ColorPicker */,
				08DC43A41981E858006163BA /* ColorPickerTests */,
			);
		};
/* End PBXProject section */

/* Begin PBXResourcesBuildPhase section */
		08DC43911981E858006163BA /* Resources */ = {
			isa = PBXResourcesBuildPhase;
			buildActionMask = 2147483647;
			files = (
				08DC439D1981E858006163BA /* Images.xcassets in Resources */,
				08DC43A01981E858006163BA /* MainMenu.xib in Resources */,
			);
			runOnlyForDeploymentPostprocessing = 0;
		};
		08DC43A31981E858006163BA /* Resources */ = {
			isa = PBXResourcesBuildPhase;
			buildActionMask = 2147483647;
			files = (
			);
			runOnlyForDeploymentPostprocessing = 0;
		};
/* End PBXResourcesBuildPhase section */

/* Begin PBXSourcesBuildPhase section */
		08DC438F1981E858006163BA /* Sources */ = {
			isa = PBXSourcesBuildPhase;
			buildActionMask = 2147483647;
			files = (
				08DC439B1981E858006163BA /* AppDelegate.swift in Sources */,
				08DC43991981E858006163BA /* main.swift in Sources */,
			);
			runOnlyForDeploymentPostprocessing = 0;
		};
		08DC43A11981E858006163BA /* Sources */ = {
			isa = PBXSourcesBuildPhase;
			buildActionMask = 2147483647;
			files = (
				08DC43AC1981E858006163BA /* ColorPickerTests.swift in Sources */,
			);
			runOnlyForDeploymentPostprocessing = 0;
		};
/* End PBXSourcesBuildPhase section */

/* Begin PBXTargetDependency section */
		08DC43A71981E858006163BA /* PBXTargetDependency */ = {
			isa = PBXTargetDependency;
			target = 08DC43921981E858006163BA /* ColorPicker */;
			targetProxy = 08DC43A61981E858006163BA /* PBXContainerItemProxy */;
		};
/* End PBXTargetDependency section */

/* Begin PBXVariantGroup section */
		08DC439E1981E858006163BA /* MainMenu.xib */ = {
			isa = PBXVariantGroup;
			children = (
				08DC439F1981E858006163BA /* Base */,
			);
			name = MainMenu.xib;
			sourceTree = "<group>";
		};
/* End PBXVariantGroup section */

/* Begin XCBuildConfiguration section */
		08DC43AD1981E858006163BA /* Debug */ = {
			isa = XCBuildConfiguration;
			buildSettings = {
				ALWAYS_SEARCH_USER_PATHS = NO;
				CLANG_CXX_LANGUAGE_STANDARD = "gnu++0x";
				CLANG_CXX_LIBRARY = "libc++";
				CLANG_ENABLE_MODULES = YES;
				CLANG_ENABLE_OBJC_ARC = YES;
				CLANG_WARN_BOOL_CONVERSION = YES;
				CLANG_WARN_CONSTANT_CONVERSION = YES;
				CLANG_WARN_DIRECT_OBJC_ISA_USAGE = YES_ERROR;
				CLANG_WARN_EMPTY_BODY = YES;
				CLANG_WARN_ENUM_CONVERSION = YES;
				CLANG_WARN_INT_CONVERSION = YES;
				CLANG_WARN_OBJC_ROOT_CLASS = YES_ERROR;
				CLANG_WARN_UNREACHABLE_CODE = YES;
				CLANG_WARN__DUPLICATE_METHOD_MATCH = YES;
				CODE_SIGN_IDENTITY = "-";
				COPY_PHASE_STRIP = NO;
				ENABLE_STRICT_OBJC_MSGSEND = YES;
				GCC_C_LANGUAGE_STANDARD = gnu99;
				GCC_DYNAMIC_NO_PIC = NO;
				GCC_OPTIMIZATION_LEVEL = 0;
				GCC_PREPROCESSOR_DEFINITIONS = (
					"DEBUG=1",
					"$(inherited)",
				);
				GCC_SYMBOLS_PRIVATE_EXTERN = NO;
				GCC_WARN_64_TO_32_BIT_CONVERSION = YES;
				GCC_WARN_ABOUT_RETURN_TYPE = YES_ERROR;
				GCC_WARN_UNDECLARED_SELECTOR = YES;
				GCC_WARN_UNINITIALIZED_AUTOS = YES_AGGRESSIVE;
				GCC_WARN_UNUSED_FUNCTION = YES;
				GCC_WARN_UNUSED_VARIABLE = YES;
				MACOSX_DEPLOYMENT_TARGET = 10.10;
				METAL_ENABLE_DEBUG_INFO = YES;
				ONLY_ACTIVE_ARCH = YES;
				SDKROOT = macosx;
				SWIFT_OPTIMIZATION_LEVEL = "-Onone";
			};
			name = Debug;
		};
		08DC43AE1981E858006163BA /* Release */ = {
			isa = XCBuildConfiguration;
			buildSettings = {
				ALWAYS_SEARCH_USER_PATHS = NO;
				CLANG_CXX_LANGUAGE_STANDARD = "gnu++0x";
				CLANG_CXX_LIBRARY = "libc++";
				CLANG_ENABLE_MODULES = YES;
				CLANG_ENABLE_OBJC_ARC = YES;
				CLANG_WARN_BOOL_CONVERSION = YES;
				CLANG_WARN_CONSTANT_CONVERSION = YES;
				CLANG_WARN_DIRECT_OBJC_ISA_USAGE = YES_ERROR;
				CLANG_WARN_EMPTY_BODY = YES;
				CLANG_WARN_ENUM_CONVERSION = YES;
				CLANG_WARN_INT_CONVERSION = YES;
				CLANG_WARN_OBJC_ROOT_CLASS = YES_ERROR;
				CLANG_WARN_UNREACHABLE_CODE = YES;
				CLANG_WARN__DUPLICATE_METHOD_MATCH = YES;
				CODE_SIGN_IDENTITY = "-";
				COPY_PHASE_STRIP = YES;
				DEBUG_INFORMATION_FORMAT = "dwarf-with-dsym";
				ENABLE_NS_ASSERTIONS = NO;
				ENABLE_STRICT_OBJC_MSGSEND = YES;
				GCC_C_LANGUAGE_STANDARD = gnu99;
				GCC_WARN_64_TO_32_BIT_CONVERSION = YES;
				GCC_WARN_ABOUT_RETURN_TYPE = YES_ERROR;
				GCC_WARN_UNDECLARED_SELECTOR = YES;
				GCC_WARN_UNINITIALIZED_AUTOS = YES_AGGRESSIVE;
				GCC_WARN_UNUSED_FUNCTION = YES;
				GCC_WARN_UNUSED_VARIABLE = YES;
				MACOSX_DEPLOYMENT_TARGET = 10.10;
				METAL_ENABLE_DEBUG_INFO = NO;
				SDKROOT = macosx;
			};
			name = Release;
		};
		08DC43B01981E858006163BA /* Debug */ = {
			isa = XCBuildConfiguration;
			buildSettings = {
				ASSETCATALOG_COMPILER_APPICON_NAME = AppIcon;
				COMBINE_HIDPI_IMAGES = YES;
				INFOPLIST_FILE = ColorPicker/Info.plist;
				LD_RUNPATH_SEARCH_PATHS = "$(inherited) @executable_path/../Frameworks";
				PRODUCT_NAME = "$(TARGET_NAME)";
			};
			name = Debug;
		};
		08DC43B11981E858006163BA /* Release */ = {
			isa = XCBuildConfiguration;
			buildSettings = {
				ASSETCATALOG_COMPILER_APPICON_NAME = AppIcon;
				COMBINE_HIDPI_IMAGES = YES;
				INFOPLIST_FILE = ColorPicker/Info.plist;
				LD_RUNPATH_SEARCH_PATHS = "$(inherited) @executable_path/../Frameworks";
				PRODUCT_NAME = "$(TARGET_NAME)";
			};
			name = Release;
		};
		08DC43B31981E858006163BA /* Debug */ = {
			isa = XCBuildConfiguration;
			buildSettings = {
				BUNDLE_LOADER = "$(BUILT_PRODUCTS_DIR)/ColorPicker.app/Contents/MacOS/ColorPicker";
				COMBINE_HIDPI_IMAGES = YES;
				FRAMEWORK_SEARCH_PATHS = (
					"$(DEVELOPER_FRAMEWORKS_DIR)",
					"$(inherited)",
				);
				GCC_PREPROCESSOR_DEFINITIONS = (
					"DEBUG=1",
					"$(inherited)",
				);
				INFOPLIST_FILE = ColorPickerTests/Info.plist;
				LD_RUNPATH_SEARCH_PATHS = "$(inherited) @executable_path/../Frameworks @loader_path/../Frameworks";
				METAL_ENABLE_DEBUG_INFO = YES;
				PRODUCT_NAME = "$(TARGET_NAME)";
				TEST_HOST = "$(BUNDLE_LOADER)";
			};
			name = Debug;
		};
		08DC43B41981E858006163BA /* Release */ = {
			isa = XCBuildConfiguration;
			buildSettings = {
				BUNDLE_LOADER = "$(BUILT_PRODUCTS_DIR)/ColorPicker.app/Contents/MacOS/ColorPicker";
				COMBINE_HIDPI_IMAGES = YES;
				FRAMEWORK_SEARCH_PATHS = (
					"$(DEVELOPER_FRAMEWORKS_DIR)",
					"$(inherited)",
				);
				INFOPLIST_FILE = ColorPickerTests/Info.plist;
				LD_RUNPATH_SEARCH_PATHS = "$(inherited) @executable_path/../Frameworks @loader_path/../Frameworks";
				METAL_ENABLE_DEBUG_INFO = NO;
				PRODUCT_NAME = "$(TARGET_NAME)";
				TEST_HOST = "$(BUNDLE_LOADER)";
			};
			name = Release;
		};
/* End XCBuildConfiguration section */

/* Begin XCConfigurationList section */
		08DC438E1981E858006163BA /* Build configuration list for PBXProject "ColorPicker" */ = {
			isa = XCConfigurationList;
			buildConfigurations = (
				08DC43AD1981E858006163BA /* Debug */,
				08DC43AE1981E858006163BA /* Release */,
			);
			defaultConfigurationIsVisible = 0;
			defaultConfigurationName = Release;
		};
		08DC43AF1981E858006163BA /* Build configuration list for PBXNativeTarget "ColorPicker" */ = {
			isa = XCConfigurationList;
			buildConfigurations = (
				08DC43B01981E858006163BA /* Debug */,
				08DC43B11981E858006163BA /* Release */,
			);
			defaultConfigurationIsVisible = 0;
			defaultConfigurationName = Release;
		};
		08DC43B21981E858006163BA /* Build configuration list for PBXNativeTarget "ColorPickerTests" */ = {
			isa = XCConfigurationList;
			buildConfigurations = (
				08DC43B31981E858006163BA /* Debug */,
				08DC43B41981E858006163BA /* Release */,
			);
			defaultConfigurationIsVisible = 0;
			defaultConfigurationName = Release;
		};
/* End XCConfigurationList section */
	};
	rootObject = 08DC438B1981E858006163BA /* Project object */;
}
